
Microsoft Visual Studio Solution File, Format Version 12.00
# Visual Studio Version 16
VisualStudioVersion = 16.0.30104.148
MinimumVisualStudioVersion = 10.0.40219.1
Project("{8BC9CEB8-8B4A-11D0-8D11-00A0C91BC942}") = "DSA-Prac9", "DSA-Prac9\DSA-Prac9.vcxproj", "{C4AC4A6E-34F9-4258-A15C-0D14FE5DC098}"
EndProject
Global
	GlobalSection(SolutionConfigurationPlatforms) = preSolution
		Debug|x64 = Debug|x64
		Debug|x86 = Debug|x86
		Release|x64 = Release|x64
		Release|x86 = Release|x86
	EndGlobalSection
	GlobalSection(ProjectConfigurationPlatforms) = postSolution
		{C4AC4A6E-34F9-4258-A15C-0D14FE5DC098}.Debug|x64.ActiveCfg = Debug|x64
		{C4AC4A6E-34F9-4258-A15C-0D14FE5DC098}.Debug|x64.Build.0 = Debug|x64
		{C4AC4A6E-34F9-4258-A15C-0D14FE5DC098}.Debug|x86.ActiveCfg = Debug|Win32
		{C4AC4A6E-34F9-4258-A15C-0D14FE5DC098}.Debug|x86.Build.0 = Debug|Win32
		{C4AC4A6E-34F9-4258-A15C-0D14FE5DC098}.Release|x64.ActiveCfg = Release|x64
		{C4AC4A6E-34F9-4258-A15C-0D14FE5DC098}.Release|x64.Build.0 = Release|x64
		{C4AC4A6E-34F9-4258-A15C-0D14FE5DC098}.Release|x86.ActiveCfg = Release|Win32
		{C4AC4A6E-34F9-4258-A15C-0D14FE5DC098}.Release|x86.Build.0 = Release|Win32
	EndGlobalSection
	GlobalSection(SolutionProperties) = preSolution
		HideSolutionNode = FALSE
	EndGlobalSection
	GlobalSection(ExtensibilityGlobals) = postSolution
		SolutionGuid = {1C02E29C-3591-4E4D-BCDB-DC8B5BEE486E}
	EndGlobalSection
EndGlobal
